
Microsoft Visual Studio Solution File, Format Version 12.00
# Visual Studio Version 16
VisualStudioVersion = 16.0.32228.343
MinimumVisualStudioVersion = 10.0.40219.1
Project("{FAE04EC0-301F-11D3-BF4B-00C04F79EFBC}") = "MVC_PRODUCT_APP", "MVC_PRODUCT_APP.csproj", "{947D3367-E1FA-433A-BAA8-6EF071283054}"
EndProject
Global
	GlobalSection(SolutionConfigurationPlatforms) = preSolution
		Debug|Any CPU = Debug|Any CPU
		Release|Any CPU = Release|Any CPU
	EndGlobalSection
	GlobalSection(ProjectConfigurationPlatforms) = postSolution
		{947D3367-E1FA-433A-BAA8-6EF071283054}.Debug|Any CPU.ActiveCfg = Debug|Any CPU
		{947D3367-E1FA-433A-BAA8-6EF071283054}.Debug|Any CPU.Build.0 = Debug|Any CPU
		{947D3367-E1FA-433A-BAA8-6EF071283054}.Release|Any CPU.ActiveCfg = Release|Any CPU
		{947D3367-E1FA-433A-BAA8-6EF071283054}.Release|Any CPU.Build.0 = Release|Any CPU
	EndGlobalSection
	GlobalSection(SolutionProperties) = preSolution
		HideSolutionNode = FALSE
	EndGlobalSection
	GlobalSection(ExtensibilityGlobals) = postSolution
		SolutionGuid = {F7703FB0-BAFB-4C93-94F5-FEA3D2D18FC4}
	EndGlobalSection
EndGlobal
